// !$*UTF8*$!
{
	archiveVersion = 1;
	classes = {
	};
	objectVersion = 55;
	objects = {

/* Begin PBXBuildFile section */
		20B73A8328AE6A7900814C1E /* AppDelegate.swift in Sources */ = {isa = PBXBuildFile; fileRef = 20B73A8228AE6A7900814C1E /* AppDelegate.swift */; };
		20B73A8528AE6A7900814C1E /* SceneDelegate.swift in Sources */ = {isa = PBXBuildFile; fileRef = 20B73A8428AE6A7900814C1E /* SceneDelegate.swift */; };
		20B73A8728AE6A7900814C1E /* ViewController.swift in Sources */ = {isa = PBXBuildFile; fileRef = 20B73A8628AE6A7900814C1E /* ViewController.swift */; };
		20B73A8C28AE6A7C00814C1E /* Assets.xcassets in Resources */ = {isa = PBXBuildFile; fileRef = 20B73A8B28AE6A7C00814C1E /* Assets.xcassets */; };
		20B73A8F28AE6A7C00814C1E /* LaunchScreen.storyboard in Resources */ = {isa = PBXBuildFile; fileRef = 20B73A8D28AE6A7C00814C1E /* LaunchScreen.storyboard */; };
		20B73A9A28AE6A7C00814C1E /* MyFavoritePlacesTests.swift in Sources */ = {isa = PBXBuildFile; fileRef = 20B73A9928AE6A7C00814C1E /* MyFavoritePlacesTests.swift */; };
		20B73AA428AE6A7C00814C1E /* MyFavoritePlacesUITests.swift in Sources */ = {isa = PBXBuildFile; fileRef = 20B73AA328AE6A7C00814C1E /* MyFavoritePlacesUITests.swift */; };
		20B73AA628AE6A7C00814C1E /* MyFavoritePlacesUITestsLaunchTests.swift in Sources */ = {isa = PBXBuildFile; fileRef = 20B73AA528AE6A7C00814C1E /* MyFavoritePlacesUITestsLaunchTests.swift */; };
		20B73AB328AF8A8600814C1E /* CastomTableViewCell.swift in Sources */ = {isa = PBXBuildFile; fileRef = 20B73AB228AF8A8500814C1E /* CastomTableViewCell.swift */; };
		20B73AB528AF8E6300814C1E /* PlaceModel.swift in Sources */ = {isa = PBXBuildFile; fileRef = 20B73AB428AF8E6300814C1E /* PlaceModel.swift */; };
/* End PBXBuildFile section */

/* Begin PBXContainerItemProxy section */
		20B73A9628AE6A7C00814C1E /* PBXContainerItemProxy */ = {
			isa = PBXContainerItemProxy;
			containerPortal = 20B73A7728AE6A7900814C1E /* Project object */;
			proxyType = 1;
			remoteGlobalIDString = 20B73A7E28AE6A7900814C1E;
			remoteInfo = MyFavoritePlaces;
		};
		20B73AA028AE6A7C00814C1E /* PBXContainerItemProxy */ = {
			isa = PBXContainerItemProxy;
			containerPortal = 20B73A7728AE6A7900814C1E /* Project object */;
			proxyType = 1;
			remoteGlobalIDString = 20B73A7E28AE6A7900814C1E;
			remoteInfo = MyFavoritePlaces;
		};
/* End PBXContainerItemProxy section */

/* Begin PBXFileReference section */
		20B73A7F28AE6A7900814C1E /* MyFavoritePlaces.app */ = {isa = PBXFileReference; explicitFileType = wrapper.application; includeInIndex = 0; path = MyFavoritePlaces.app; sourceTree = BUILT_PRODUCTS_DIR; };
		20B73A8228AE6A7900814C1E /* AppDelegate.swift */ = {isa = PBXFileReference; lastKnownFileType = sourcecode.swift; path = AppDelegate.swift; sourceTree = "<group>"; };
		20B73A8428AE6A7900814C1E /* SceneDelegate.swift */ = {isa = PBXFileReference; lastKnownFileType = sourcecode.swift; path = SceneDelegate.swift; sourceTree = "<group>"; };
		20B73A8628AE6A7900814C1E /* ViewController.swift */ = {isa = PBXFileReference; lastKnownFileType = sourcecode.swift; path = ViewController.swift; sourceTree = "<group>"; };
		20B73A8B28AE6A7C00814C1E /* Assets.xcassets */ = {isa = PBXFileReference; lastKnownFileType = folder.assetcatalog; path = Assets.xcassets; sourceTree = "<group>"; };
		20B73A8E28AE6A7C00814C1E /* Base */ = {isa = PBXFileReference; lastKnownFileType = file.storyboard; name = Base; path = Base.lproj/LaunchScreen.storyboard; sourceTree = "<group>"; };
		20B73A9028AE6A7C00814C1E /* Info.plist */ = {isa = PBXFileReference; lastKnownFileType = text.plist.xml; path = Info.plist; sourceTree = "<group>"; };
		20B73A9528AE6A7C00814C1E /* MyFavoritePlacesTests.xctest */ = {isa = PBXFileReference; explicitFileType = wrapper.cfbundle; includeInIndex = 0; path = MyFavoritePlacesTests.xctest; sourceTree = BUILT_PRODUCTS_DIR; };
		20B73A9928AE6A7C00814C1E /* MyFavoritePlacesTests.swift */ = {isa = PBXFileReference; lastKnownFileType = sourcecode.swift; path = MyFavoritePlacesTests.swift; sourceTree = "<group>"; };
		20B73A9F28AE6A7C00814C1E /* MyFavoritePlacesUITests.xctest */ = {isa = PBXFileReference; explicitFileType = wrapper.cfbundle; includeInIndex = 0; path = MyFavoritePlacesUITests.xctest; sourceTree = BUILT_PRODUCTS_DIR; };
		20B73AA328AE6A7C00814C1E /* MyFavoritePlacesUITests.swift */ = {isa = PBXFileReference; lastKnownFileType = sourcecode.swift; path = MyFavoritePlacesUITests.swift; sourceTree = "<group>"; };
		20B73AA528AE6A7C00814C1E /* MyFavoritePlacesUITestsLaunchTests.swift */ = {isa = PBXFileReference; lastKnownFileType = sourcecode.swift; path = MyFavoritePlacesUITestsLaunchTests.swift; sourceTree = "<group>"; };
		20B73AB228AF8A8500814C1E /* CastomTableViewCell.swift */ = {isa = PBXFileReference; lastKnownFileType = sourcecode.swift; path = CastomTableViewCell.swift; sourceTree = "<group>"; };
		20B73AB428AF8E6300814C1E /* PlaceModel.swift */ = {isa = PBXFileReference; lastKnownFileType = sourcecode.swift; path = PlaceModel.swift; sourceTree = "<group>"; };
/* End PBXFileReference section */

/* Begin PBXFrameworksBuildPhase section */
		20B73A7C28AE6A7900814C1E /* Frameworks */ = {
			isa = PBXFrameworksBuildPhase;
			buildActionMask = 2147483647;
			files = (
			);
			runOnlyForDeploymentPostprocessing = 0;
		};
		20B73A9228AE6A7C00814C1E /* Frameworks */ = {
			isa = PBXFrameworksBuildPhase;
			buildActionMask = 2147483647;
			files = (
			);
			runOnlyForDeploymentPostprocessing = 0;
		};
		20B73A9C28AE6A7C00814C1E /* Frameworks */ = {
			isa = PBXFrameworksBuildPhase;
			buildActionMask = 2147483647;
			files = (
			);
			runOnlyForDeploymentPostprocessing = 0;
		};
/* End PBXFrameworksBuildPhase section */

/* Begin PBXGroup section */
		20B73A7628AE6A7900814C1E = {
			isa = PBXGroup;
			children = (
				20B73A8128AE6A7900814C1E /* MyFavoritePlaces */,
				20B73A9828AE6A7C00814C1E /* MyFavoritePlacesTests */,
				20B73AA228AE6A7C00814C1E /* MyFavoritePlacesUITests */,
				20B73A8028AE6A7900814C1E /* Products */,
			);
			sourceTree = "<group>";
		};
		20B73A8028AE6A7900814C1E /* Products */ = {
			isa = PBXGroup;
			children = (
				20B73A7F28AE6A7900814C1E /* MyFavoritePlaces.app */,
				20B73A9528AE6A7C00814C1E /* MyFavoritePlacesTests.xctest */,
				20B73A9F28AE6A7C00814C1E /* MyFavoritePlacesUITests.xctest */,
			);
			name = Products;
			sourceTree = "<group>";
		};
		20B73A8128AE6A7900814C1E /* MyFavoritePlaces */ = {
			isa = PBXGroup;
			children = (
				20B73A8228AE6A7900814C1E /* AppDelegate.swift */,
				20B73A8428AE6A7900814C1E /* SceneDelegate.swift */,
				20B73A8628AE6A7900814C1E /* ViewController.swift */,
				20B73AB428AF8E6300814C1E /* PlaceModel.swift */,
				20B73AB228AF8A8500814C1E /* CastomTableViewCell.swift */,
				20B73A8B28AE6A7C00814C1E /* Assets.xcassets */,
				20B73A8D28AE6A7C00814C1E /* LaunchScreen.storyboard */,
				20B73A9028AE6A7C00814C1E /* Info.plist */,
			);
			path = MyFavoritePlaces;
			sourceTree = "<group>";
		};
		20B73A9828AE6A7C00814C1E /* MyFavoritePlacesTests */ = {
			isa = PBXGroup;
			children = (
				20B73A9928AE6A7C00814C1E /* MyFavoritePlacesTests.swift */,
			);
			path = MyFavoritePlacesTests;
			sourceTree = "<group>";
		};
		20B73AA228AE6A7C00814C1E /* MyFavoritePlacesUITests */ = {
			isa = PBXGroup;
			children = (
				20B73AA328AE6A7C00814C1E /* MyFavoritePlacesUITests.swift */,
				20B73AA528AE6A7C00814C1E /* MyFavoritePlacesUITestsLaunchTests.swift */,
			);
			path = MyFavoritePlacesUITests;
			sourceTree = "<group>";
		};
/* End PBXGroup section */

/* Begin PBXNativeTarget section */
		20B73A7E28AE6A7900814C1E /* MyFavoritePlaces */ = {
			isa = PBXNativeTarget;
			buildConfigurationList = 20B73AA928AE6A7C00814C1E /* Build configuration list for PBXNativeTarget "MyFavoritePlaces" */;
			buildPhases = (
				20B73A7B28AE6A7900814C1E /* Sources */,
				20B73A7C28AE6A7900814C1E /* Frameworks */,
				20B73A7D28AE6A7900814C1E /* Resources */,
			);
			buildRules = (
			);
			dependencies = (
			);
			name = MyFavoritePlaces;
			productName = MyFavoritePlaces;
			productReference = 20B73A7F28AE6A7900814C1E /* MyFavoritePlaces.app */;
			productType = "com.apple.product-type.application";
		};
		20B73A9428AE6A7C00814C1E /* MyFavoritePlacesTests */ = {
			isa = PBXNativeTarget;
			buildConfigurationList = 20B73AAC28AE6A7C00814C1E /* Build configuration list for PBXNativeTarget "MyFavoritePlacesTests" */;
			buildPhases = (
				20B73A9128AE6A7C00814C1E /* Sources */,
				20B73A9228AE6A7C00814C1E /* Frameworks */,
				20B73A9328AE6A7C00814C1E /* Resources */,
			);
			buildRules = (
			);
			dependencies = (
				20B73A9728AE6A7C00814C1E /* PBXTargetDependency */,
			);
			name = MyFavoritePlacesTests;
			productName = MyFavoritePlacesTests;
			productReference = 20B73A9528AE6A7C00814C1E /* MyFavoritePlacesTests.xctest */;
			productType = "com.apple.product-type.bundle.unit-test";
		};
		20B73A9E28AE6A7C00814C1E /* MyFavoritePlacesUITests */ = {
			isa = PBXNativeTarget;
			buildConfigurationList = 20B73AAF28AE6A7C00814C1E /* Build configuration list for PBXNativeTarget "MyFavoritePlacesUITests" */;
			buildPhases = (
				20B73A9B28AE6A7C00814C1E /* Sources */,
				20B73A9C28AE6A7C00814C1E /* Frameworks */,
				20B73A9D28AE6A7C00814C1E /* Resources */,
			);
			buildRules = (
			);
			dependencies = (
				20B73AA128AE6A7C00814C1E /* PBXTargetDependency */,
			);
			name = MyFavoritePlacesUITests;
			productName = MyFavoritePlacesUITests;
			productReference = 20B73A9F28AE6A7C00814C1E /* MyFavoritePlacesUITests.xctest */;
			productType = "com.apple.product-type.bundle.ui-testing";
		};
/* End PBXNativeTarget section */

/* Begin PBXProject section */
		20B73A7728AE6A7900814C1E /* Project object */ = {
			isa = PBXProject;
			attributes = {
				BuildIndependentTargetsInParallel = 1;
				LastSwiftUpdateCheck = 1340;
				LastUpgradeCheck = 1340;
				TargetAttributes = {
					20B73A7E28AE6A7900814C1E = {
						CreatedOnToolsVersion = 13.4.1;
					};
					20B73A9428AE6A7C00814C1E = {
						CreatedOnToolsVersion = 13.4.1;
						TestTargetID = 20B73A7E28AE6A7900814C1E;
					};
					20B73A9E28AE6A7C00814C1E = {
						CreatedOnToolsVersion = 13.4.1;
						TestTargetID = 20B73A7E28AE6A7900814C1E;
					};
				};
			};
			buildConfigurationList = 20B73A7A28AE6A7900814C1E /* Build configuration list for PBXProject "MyFavoritePlaces" */;
			compatibilityVersion = "Xcode 13.0";
			developmentRegion = en;
			hasScannedForEncodings = 0;
			knownRegions = (
				en,
				Base,
			);
			mainGroup = 20B73A7628AE6A7900814C1E;
			productRefGroup = 20B73A8028AE6A7900814C1E /* Products */;
			projectDirPath = "";
			projectRoot = "";
			targets = (
				20B73A7E28AE6A7900814C1E /* MyFavoritePlaces */,
				20B73A9428AE6A7C00814C1E /* MyFavoritePlacesTests */,
				20B73A9E28AE6A7C00814C1E /* MyFavoritePlacesUITests */,
			);
		};
/* End PBXProject section */

/* Begin PBXResourcesBuildPhase section */
		20B73A7D28AE6A7900814C1E /* Resources */ = {
			isa = PBXResourcesBuildPhase;
			buildActionMask = 2147483647;
			files = (
				20B73A8F28AE6A7C00814C1E /* LaunchScreen.storyboard in Resources */,
				20B73A8C28AE6A7C00814C1E /* Assets.xcassets in Resources */,
			);
			runOnlyForDeploymentPostprocessing = 0;
		};
		20B73A9328AE6A7C00814C1E /* Resources */ = {
			isa = PBXResourcesBuildPhase;
			buildActionMask = 2147483647;
			files = (
			);
			runOnlyForDeploymentPostprocessing = 0;
		};
		20B73A9D28AE6A7C00814C1E /* Resources */ = {
			isa = PBXResourcesBuildPhase;
			buildActionMask = 2147483647;
			files = (
			);
			runOnlyForDeploymentPostprocessing = 0;
		};
/* End PBXResourcesBuildPhase section */

/* Begin PBXSourcesBuildPhase section */
		20B73A7B28AE6A7900814C1E /* Sources */ = {
			isa = PBXSourcesBuildPhase;
			buildActionMask = 2147483647;
			files = (
				20B73A8728AE6A7900814C1E /* ViewController.swift in Sources */,
				20B73A8328AE6A7900814C1E /* AppDelegate.swift in Sources */,
				20B73AB528AF8E6300814C1E /* PlaceModel.swift in Sources */,
				20B73AB328AF8A8600814C1E /* CastomTableViewCell.swift in Sources */,
				20B73A8528AE6A7900814C1E /* SceneDelegate.swift in Sources */,
			);
			runOnlyForDeploymentPostprocessing = 0;
		};
		20B73A9128AE6A7C00814C1E /* Sources */ = {
			isa = PBXSourcesBuildPhase;
			buildActionMask = 2147483647;
			files = (
				20B73A9A28AE6A7C00814C1E /* MyFavoritePlacesTests.swift in Sources */,
			);
			runOnlyForDeploymentPostprocessing = 0;
		};
		20B73A9B28AE6A7C00814C1E /* Sources */ = {
			isa = PBXSourcesBuildPhase;
			buildActionMask = 2147483647;
			files = (
				20B73AA628AE6A7C00814C1E /* MyFavoritePlacesUITestsLaunchTests.swift in Sources */,
				20B73AA428AE6A7C00814C1E /* MyFavoritePlacesUITests.swift in Sources */,
			);
			runOnlyForDeploymentPostprocessing = 0;
		};
/* End PBXSourcesBuildPhase section */

/* Begin PBXTargetDependency section */
		20B73A9728AE6A7C00814C1E /* PBXTargetDependency */ = {
			isa = PBXTargetDependency;
			target = 20B73A7E28AE6A7900814C1E /* MyFavoritePlaces */;
			targetProxy = 20B73A9628AE6A7C00814C1E /* PBXContainerItemProxy */;
		};
		20B73AA128AE6A7C00814C1E /* PBXTargetDependency */ = {
			isa = PBXTargetDependency;
			target = 20B73A7E28AE6A7900814C1E /* MyFavoritePlaces */;
			targetProxy = 20B73AA028AE6A7C00814C1E /* PBXContainerItemProxy */;
		};
/* End PBXTargetDependency section */

/* Begin PBXVariantGroup section */
		20B73A8D28AE6A7C00814C1E /* LaunchScreen.storyboard */ = {
			isa = PBXVariantGroup;
			children = (
				20B73A8E28AE6A7C00814C1E /* Base */,
			);
			name = LaunchScreen.storyboard;
			sourceTree = "<group>";
		};
/* End PBXVariantGroup section */

/* Begin XCBuildConfiguration section */
		20B73AA728AE6A7C00814C1E /* Debug */ = {
			isa = XCBuildConfiguration;
			buildSettings = {
				ALWAYS_SEARCH_USER_PATHS = NO;
				CLANG_ANALYZER_NONNULL = YES;
				CLANG_ANALYZER_NUMBER_OBJECT_CONVERSION = YES_AGGRESSIVE;
				CLANG_CXX_LANGUAGE_STANDARD = "gnu++17";
				CLANG_ENABLE_MODULES = YES;
				CLANG_ENABLE_OBJC_ARC = YES;
				CLANG_ENABLE_OBJC_WEAK = YES;
				CLANG_WARN_BLOCK_CAPTURE_AUTORELEASING = YES;
				CLANG_WARN_BOOL_CONVERSION = YES;
				CLANG_WARN_COMMA = YES;
				CLANG_WARN_CONSTANT_CONVERSION = YES;
				CLANG_WARN_DEPRECATED_OBJC_IMPLEMENTATIONS = YES;
				CLANG_WARN_DIRECT_OBJC_ISA_USAGE = YES_ERROR;
				CLANG_WARN_DOCUMENTATION_COMMENTS = YES;
				CLANG_WARN_EMPTY_BODY = YES;
				CLANG_WARN_ENUM_CONVERSION = YES;
				CLANG_WARN_INFINITE_RECURSION = YES;
				CLANG_WARN_INT_CONVERSION = YES;
				CLANG_WARN_NON_LITERAL_NULL_CONVERSION = YES;
				CLANG_WARN_OBJC_IMPLICIT_RETAIN_SELF = YES;
				CLANG_WARN_OBJC_LITERAL_CONVERSION = YES;
				CLANG_WARN_OBJC_ROOT_CLASS = YES_ERROR;
				CLANG_WARN_QUOTED_INCLUDE_IN_FRAMEWORK_HEADER = YES;
				CLANG_WARN_RANGE_LOOP_ANALYSIS = YES;
				CLANG_WARN_STRICT_PROTOTYPES = YES;
				CLANG_WARN_SUSPICIOUS_MOVE = YES;
				CLANG_WARN_UNGUARDED_AVAILABILITY = YES_AGGRESSIVE;
				CLANG_WARN_UNREACHABLE_CODE = YES;
				CLANG_WARN__DUPLICATE_METHOD_MATCH = YES;
				COPY_PHASE_STRIP = NO;
				DEBUG_INFORMATION_FORMAT = dwarf;
				ENABLE_STRICT_OBJC_MSGSEND = YES;
				ENABLE_TESTABILITY = YES;
				GCC_C_LANGUAGE_STANDARD = gnu11;
				GCC_DYNAMIC_NO_PIC = NO;
				GCC_NO_COMMON_BLOCKS = YES;
				GCC_OPTIMIZATION_LEVEL = 0;
				GCC_PREPROCESSOR_DEFINITIONS = (
					"DEBUG=1",
					"$(inherited)",
				);
				GCC_WARN_64_TO_32_BIT_CONVERSION = YES;
				GCC_WARN_ABOUT_RETURN_TYPE = YES_ERROR;
				GCC_WARN_UNDECLARED_SELECTOR = YES;
				GCC_WARN_UNINITIALIZED_AUTOS = YES_AGGRESSIVE;
				GCC_WARN_UNUSED_FUNCTION = YES;
				GCC_WARN_UNUSED_VARIABLE = YES;
				IPHONEOS_DEPLOYMENT_TARGET = 15.5;
				MTL_ENABLE_DEBUG_INFO = INCLUDE_SOURCE;
				MTL_FAST_MATH = YES;
				ONLY_ACTIVE_ARCH = YES;
				SDKROOT = iphoneos;
				SWIFT_ACTIVE_COMPILATION_CONDITIONS = DEBUG;
				SWIFT_OPTIMIZATION_LEVEL = "-Onone";
			};
			name = Debug;
		};
		20B73AA828AE6A7C00814C1E /* Release */ = {
			isa = XCBuildConfiguration;
			buildSettings = {
				ALWAYS_SEARCH_USER_PATHS = NO;
				CLANG_ANALYZER_NONNULL = YES;
				CLANG_ANALYZER_NUMBER_OBJECT_CONVERSION = YES_AGGRESSIVE;
				CLANG_CXX_LANGUAGE_STANDARD = "gnu++17";
				CLANG_ENABLE_MODULES = YES;
				CLANG_ENABLE_OBJC_ARC = YES;
				CLANG_ENABLE_OBJC_WEAK = YES;
				CLANG_WARN_BLOCK_CAPTURE_AUTORELEASING = YES;
				CLANG_WARN_BOOL_CONVERSION = YES;
				CLANG_WARN_COMMA = YES;
				CLANG_WARN_CONSTANT_CONVERSION = YES;
				CLANG_WARN_DEPRECATED_OBJC_IMPLEMENTATIONS = YES;
				CLANG_WARN_DIRECT_OBJC_ISA_USAGE = YES_ERROR;
				CLANG_WARN_DOCUMENTATION_COMMENTS = YES;
				CLANG_WARN_EMPTY_BODY = YES;
				CLANG_WARN_ENUM_CONVERSION = YES;
				CLANG_WARN_INFINITE_RECURSION = YES;
				CLANG_WARN_INT_CONVERSION = YES;
				CLANG_WARN_NON_LITERAL_NULL_CONVERSION = YES;
				CLANG_WARN_OBJC_IMPLICIT_RETAIN_SELF = YES;
				CLANG_WARN_OBJC_LITERAL_CONVERSION = YES;
				CLANG_WARN_OBJC_ROOT_CLASS = YES_ERROR;
				CLANG_WARN_QUOTED_INCLUDE_IN_FRAMEWORK_HEADER = YES;
				CLANG_WARN_RANGE_LOOP_ANALYSIS = YES;
				CLANG_WARN_STRICT_PROTOTYPES = YES;
				CLANG_WARN_SUSPICIOUS_MOVE = YES;
				CLANG_WARN_UNGUARDED_AVAILABILITY = YES_AGGRESSIVE;
				CLANG_WARN_UNREACHABLE_CODE = YES;
				CLANG_WARN__DUPLICATE_METHOD_MATCH = YES;
				COPY_PHASE_STRIP = NO;
				DEBUG_INFORMATION_FORMAT = "dwarf-with-dsym";
				ENABLE_NS_ASSERTIONS = NO;
				ENABLE_STRICT_OBJC_MSGSEND = YES;
				GCC_C_LANGUAGE_STANDARD = gnu11;
				GCC_NO_COMMON_BLOCKS = YES;
				GCC_WARN_64_TO_32_BIT_CONVERSION = YES;
				GCC_WARN_ABOUT_RETURN_TYPE = YES_ERROR;
				GCC_WARN_UNDECLARED_SELECTOR = YES;
				GCC_WARN_UNINITIALIZED_AUTOS = YES_AGGRESSIVE;
				GCC_WARN_UNUSED_FUNCTION = YES;
				GCC_WARN_UNUSED_VARIABLE = YES;
				IPHONEOS_DEPLOYMENT_TARGET = 15.5;
				MTL_ENABLE_DEBUG_INFO = NO;
				MTL_FAST_MATH = YES;
				SDKROOT = iphoneos;
				SWIFT_COMPILATION_MODE = wholemodule;
				SWIFT_OPTIMIZATION_LEVEL = "-O";
				VALIDATE_PRODUCT = YES;
			};
			name = Release;
		};
		20B73AAA28AE6A7C00814C1E /* Debug */ = {
			isa = XCBuildConfiguration;
			buildSettings = {
				ASSETCATALOG_COMPILER_APPICON_NAME = AppIcon;
				ASSETCATALOG_COMPILER_GLOBAL_ACCENT_COLOR_NAME = AccentColor;
				CODE_SIGN_STYLE = Automatic;
				CURRENT_PROJECT_VERSION = 1;
				DEVELOPMENT_TEAM = Q6CQH2T6SR;
				GENERATE_INFOPLIST_FILE = YES;
				INFOPLIST_FILE = MyFavoritePlaces/Info.plist;
				INFOPLIST_KEY_UIApplicationSupportsIndirectInputEvents = YES;
				INFOPLIST_KEY_UILaunchStoryboardName = LaunchScreen;
				INFOPLIST_KEY_UISupportedInterfaceOrientations_iPad = "UIInterfaceOrientationPortrait UIInterfaceOrientationPortraitUpsideDown UIInterfaceOrientationLandscapeLeft UIInterfaceOrientationLandscapeRight";
				INFOPLIST_KEY_UISupportedInterfaceOrientations_iPhone = "UIInterfaceOrientationPortrait UIInterfaceOrientationLandscapeLeft UIInterfaceOrientationLandscapeRight";
				LD_RUNPATH_SEARCH_PATHS = (
					"$(inherited)",
					"@executable_path/Frameworks",
				);
				MARKETING_VERSION = 1.0;
				PRODUCT_BUNDLE_IDENTIFIER = Pet.MyFavoritePlaces;
				PRODUCT_NAME = "$(TARGET_NAME)";
				SWIFT_EMIT_LOC_STRINGS = YES;
				SWIFT_VERSION = 5.0;
				TARGETED_DEVICE_FAMILY = "1,2";
			};
			name = Debug;
		};
		20B73AAB28AE6A7C00814C1E /* Release */ = {
			isa = XCBuildConfiguration;
			buildSettings = {
				ASSETCATALOG_COMPILER_APPICON_NAME = AppIcon;
				ASSETCATALOG_COMPILER_GLOBAL_ACCENT_COLOR_NAME = AccentColor;
				CODE_SIGN_STYLE = Automatic;
				CURRENT_PROJECT_VERSION = 1;
				DEVELOPMENT_TEAM = Q6CQH2T6SR;
				GENERATE_INFOPLIST_FILE = YES;
				INFOPLIST_FILE = MyFavoritePlaces/Info.plist;
				INFOPLIST_KEY_UIApplicationSupportsIndirectInputEvents = YES;
				INFOPLIST_KEY_UILaunchStoryboardName = LaunchScreen;
				INFOPLIST_KEY_UISupportedInterfaceOrientations_iPad = "UIInterfaceOrientationPortrait UIInterfaceOrientationPortraitUpsideDown UIInterfaceOrientationLandscapeLeft UIInterfaceOrientationLandscapeRight";
				INFOPLIST_KEY_UISupportedInterfaceOrientations_iPhone = "UIInterfaceOrientationPortrait UIInterfaceOrientationLandscapeLeft UIInterfaceOrientationLandscapeRight";
				LD_RUNPATH_SEARCH_PATHS = (
					"$(inherited)",
					"@executable_path/Frameworks",
				);
				MARKETING_VERSION = 1.0;
				PRODUCT_BUNDLE_IDENTIFIER = Pet.MyFavoritePlaces;
				PRODUCT_NAME = "$(TARGET_NAME)";
				SWIFT_EMIT_LOC_STRINGS = YES;
				SWIFT_VERSION = 5.0;
				TARGETED_DEVICE_FAMILY = "1,2";
			};
			name = Release;
		};
		20B73AAD28AE6A7C00814C1E /* Debug */ = {
			isa = XCBuildConfiguration;
			buildSettings = {
				ALWAYS_EMBED_SWIFT_STANDARD_LIBRARIES = YES;
				BUNDLE_LOADER = "$(TEST_HOST)";
				CODE_SIGN_STYLE = Automatic;
				CURRENT_PROJECT_VERSION = 1;
				DEVELOPMENT_TEAM = Q6CQH2T6SR;
				GENERATE_INFOPLIST_FILE = YES;
				IPHONEOS_DEPLOYMENT_TARGET = 15.5;
				MARKETING_VERSION = 1.0;
				PRODUCT_BUNDLE_IDENTIFIER = Pet.MyFavoritePlacesTests;
				PRODUCT_NAME = "$(TARGET_NAME)";
				SWIFT_EMIT_LOC_STRINGS = NO;
				SWIFT_VERSION = 5.0;
				TARGETED_DEVICE_FAMILY = "1,2";
				TEST_HOST = "$(BUILT_PRODUCTS_DIR)/MyFavoritePlaces.app/MyFavoritePlaces";
			};
			name = Debug;
		};
		20B73AAE28AE6A7C00814C1E /* Release */ = {
			isa = XCBuildConfiguration;
			buildSettings = {
				ALWAYS_EMBED_SWIFT_STANDARD_LIBRARIES = YES;
				BUNDLE_LOADER = "$(TEST_HOST)";
				CODE_SIGN_STYLE = Automatic;
				CURRENT_PROJECT_VERSION = 1;
				DEVELOPMENT_TEAM = Q6CQH2T6SR;
				GENERATE_INFOPLIST_FILE = YES;
				IPHONEOS_DEPLOYMENT_TARGET = 15.5;
				MARKETING_VERSION = 1.0;
				PRODUCT_BUNDLE_IDENTIFIER = Pet.MyFavoritePlacesTests;
				PRODUCT_NAME = "$(TARGET_NAME)";
				SWIFT_EMIT_LOC_STRINGS = NO;
				SWIFT_VERSION = 5.0;
				TARGETED_DEVICE_FAMILY = "1,2";
				TEST_HOST = "$(BUILT_PRODUCTS_DIR)/MyFavoritePlaces.app/MyFavoritePlaces";
			};
			name = Release;
		};
		20B73AB028AE6A7C00814C1E /* Debug */ = {
			isa = XCBuildConfiguration;
			buildSettings = {
				ALWAYS_EMBED_SWIFT_STANDARD_LIBRARIES = YES;
				CODE_SIGN_STYLE = Automatic;
				CURRENT_PROJECT_VERSION = 1;
				DEVELOPMENT_TEAM = Q6CQH2T6SR;
				GENERATE_INFOPLIST_FILE = YES;
				MARKETING_VERSION = 1.0;
				PRODUCT_BUNDLE_IDENTIFIER = Pet.MyFavoritePlacesUITests;
				PRODUCT_NAME = "$(TARGET_NAME)";
				SWIFT_EMIT_LOC_STRINGS = NO;
				SWIFT_VERSION = 5.0;
				TARGETED_DEVICE_FAMILY = "1,2";
				TEST_TARGET_NAME = MyFavoritePlaces;
			};
			name = Debug;
		};
		20B73AB128AE6A7C00814C1E /* Release */ = {
			isa = XCBuildConfiguration;
			buildSettings = {
				ALWAYS_EMBED_SWIFT_STANDARD_LIBRARIES = YES;
				CODE_SIGN_STYLE = Automatic;
				CURRENT_PROJECT_VERSION = 1;
				DEVELOPMENT_TEAM = Q6CQH2T6SR;
				GENERATE_INFOPLIST_FILE = YES;
				MARKETING_VERSION = 1.0;
				PRODUCT_BUNDLE_IDENTIFIER = Pet.MyFavoritePlacesUITests;
				PRODUCT_NAME = "$(TARGET_NAME)";
				SWIFT_EMIT_LOC_STRINGS = NO;
				SWIFT_VERSION = 5.0;
				TARGETED_DEVICE_FAMILY = "1,2";
				TEST_TARGET_NAME = MyFavoritePlaces;
			};
			name = Release;
		};
/* End XCBuildConfiguration section */

/* Begin XCConfigurationList section */
		20B73A7A28AE6A7900814C1E /* Build configuration list for PBXProject "MyFavoritePlaces" */ = {
			isa = XCConfigurationList;
			buildConfigurations = (
				20B73AA728AE6A7C00814C1E /* Debug */,
				20B73AA828AE6A7C00814C1E /* Release */,
			);
			defaultConfigurationIsVisible = 0;
			defaultConfigurationName = Release;
		};
		20B73AA928AE6A7C00814C1E /* Build configuration list for PBXNativeTarget "MyFavoritePlaces" */ = {
			isa = XCConfigurationList;
			buildConfigurations = (
				20B73AAA28AE6A7C00814C1E /* Debug */,
				20B73AAB28AE6A7C00814C1E /* Release */,
			);
			defaultConfigurationIsVisible = 0;
			defaultConfigurationName = Release;
		};
		20B73AAC28AE6A7C00814C1E /* Build configuration list for PBXNativeTarget "MyFavoritePlacesTests" */ = {
			isa = XCConfigurationList;
			buildConfigurations = (
				20B73AAD28AE6A7C00814C1E /* Debug */,
				20B73AAE28AE6A7C00814C1E /* Release */,
			);
			defaultConfigurationIsVisible = 0;
			defaultConfigurationName = Release;
		};
		20B73AAF28AE6A7C00814C1E /* Build configuration list for PBXNativeTarget "MyFavoritePlacesUITests" */ = {
			isa = XCConfigurationList;
			buildConfigurations = (
				20B73AB028AE6A7C00814C1E /* Debug */,
				20B73AB128AE6A7C00814C1E /* Release */,
			);
			defaultConfigurationIsVisible = 0;
			defaultConfigurationName = Release;
		};
/* End XCConfigurationList section */
	};
	rootObject = 20B73A7728AE6A7900814C1E /* Project object */;
}
